
Microsoft Visual Studio Solution File, Format Version 12.00
# Visual Studio Version 16
VisualStudioVersion = 16.0.30611.23
MinimumVisualStudioVersion = 10.0.40219.1
Project("{FAE04EC0-301F-11D3-BF4B-00C04F79EFBC}") = "Animations_Menu_5", "Animations_Menu_5\Animations_Menu_5.csproj", "{2C237888-90BE-4298-994C-65361BBDB8E9}"
EndProject
Project("{FAE04EC0-301F-11D3-BF4B-00C04F79EFBC}") = "Animations_Strings_6", "Animations_Strings_6\Animations_Strings_6.csproj", "{9E1069B2-F716-4317-98DA-75E6AB271334}"
EndProject
Global
	GlobalSection(SolutionConfigurationPlatforms) = preSolution
		Debug|Any CPU = Debug|Any CPU
		Release|Any CPU = Release|Any CPU
	EndGlobalSection
	GlobalSection(ProjectConfigurationPlatforms) = postSolution
		{2C237888-90BE-4298-994C-65361BBDB8E9}.Debug|Any CPU.ActiveCfg = Debug|Any CPU
		{2C237888-90BE-4298-994C-65361BBDB8E9}.Debug|Any CPU.Build.0 = Debug|Any CPU
		{2C237888-90BE-4298-994C-65361BBDB8E9}.Release|Any CPU.ActiveCfg = Release|Any CPU
		{2C237888-90BE-4298-994C-65361BBDB8E9}.Release|Any CPU.Build.0 = Release|Any CPU
		{9E1069B2-F716-4317-98DA-75E6AB271334}.Debug|Any CPU.ActiveCfg = Debug|Any CPU
		{9E1069B2-F716-4317-98DA-75E6AB271334}.Debug|Any CPU.Build.0 = Debug|Any CPU
		{9E1069B2-F716-4317-98DA-75E6AB271334}.Release|Any CPU.ActiveCfg = Release|Any CPU
		{9E1069B2-F716-4317-98DA-75E6AB271334}.Release|Any CPU.Build.0 = Release|Any CPU
	EndGlobalSection
	GlobalSection(SolutionProperties) = preSolution
		HideSolutionNode = FALSE
	EndGlobalSection
	GlobalSection(ExtensibilityGlobals) = postSolution
		SolutionGuid = {DC2BF1A9-49F0-46FA-9D38-A0D4631FFCD4}
	EndGlobalSection
EndGlobal
